
Microsoft Visual Studio Solution File, Format Version 12.00
# Visual Studio Version 16
VisualStudioVersion = 16.0.31729.503
MinimumVisualStudioVersion = 10.0.40219.1
Project("{FAE04EC0-301F-11D3-BF4B-00C04F79EFBC}") = "Crawl_WebLearnChooseAnswer", "Crawl_WebLearnChooseAnswer.csproj", "{8EA273C0-E645-4C54-8965-CCEB15B19286}"
EndProject
Project("{FAE04EC0-301F-11D3-BF4B-00C04F79EFBC}") = "Main_Project_Console", "..\Main_Project_Console\Main_Project_Console.csproj", "{61674E9A-78A2-43A5-821E-713D92D48F26}"
EndProject
Global
	GlobalSection(SolutionConfigurationPlatforms) = preSolution
		Debug|Any CPU = Debug|Any CPU
		Release|Any CPU = Release|Any CPU
	EndGlobalSection
	GlobalSection(ProjectConfigurationPlatforms) = postSolution
		{8EA273C0-E645-4C54-8965-CCEB15B19286}.Debug|Any CPU.ActiveCfg = Debug|Any CPU
		{8EA273C0-E645-4C54-8965-CCEB15B19286}.Debug|Any CPU.Build.0 = Debug|Any CPU
		{8EA273C0-E645-4C54-8965-CCEB15B19286}.Release|Any CPU.ActiveCfg = Release|Any CPU
		{8EA273C0-E645-4C54-8965-CCEB15B19286}.Release|Any CPU.Build.0 = Release|Any CPU
		{61674E9A-78A2-43A5-821E-713D92D48F26}.Debug|Any CPU.ActiveCfg = Debug|Any CPU
		{61674E9A-78A2-43A5-821E-713D92D48F26}.Debug|Any CPU.Build.0 = Debug|Any CPU
		{61674E9A-78A2-43A5-821E-713D92D48F26}.Release|Any CPU.ActiveCfg = Release|Any CPU
		{61674E9A-78A2-43A5-821E-713D92D48F26}.Release|Any CPU.Build.0 = Release|Any CPU
	EndGlobalSection
	GlobalSection(SolutionProperties) = preSolution
		HideSolutionNode = FALSE
	EndGlobalSection
	GlobalSection(ExtensibilityGlobals) = postSolution
		SolutionGuid = {429A1B2D-E251-4A7B-874C-33616819ECC5}
	EndGlobalSection
EndGlobal
